
Microsoft Visual Studio Solution File, Format Version 12.00
# Visual Studio Version 16
VisualStudioVersion = 16.0.33027.164
MinimumVisualStudioVersion = 10.0.40219.1
Project("{FAE04EC0-301F-11D3-BF4B-00C04F79EFBC}") = "Server", "Server\Server.csproj", "{16DB3761-092C-4D16-AB49-8F976D9E80BB}"
EndProject
Global
	GlobalSection(SolutionConfigurationPlatforms) = preSolution
		Debug|Any CPU = Debug|Any CPU
		Release|Any CPU = Release|Any CPU
	EndGlobalSection
	GlobalSection(ProjectConfigurationPlatforms) = postSolution
		{16DB3761-092C-4D16-AB49-8F976D9E80BB}.Debug|Any CPU.ActiveCfg = Debug|Any CPU
		{16DB3761-092C-4D16-AB49-8F976D9E80BB}.Debug|Any CPU.Build.0 = Debug|Any CPU
		{16DB3761-092C-4D16-AB49-8F976D9E80BB}.Release|Any CPU.ActiveCfg = Release|Any CPU
		{16DB3761-092C-4D16-AB49-8F976D9E80BB}.Release|Any CPU.Build.0 = Release|Any CPU
	EndGlobalSection
	GlobalSection(SolutionProperties) = preSolution
		HideSolutionNode = FALSE
	EndGlobalSection
	GlobalSection(ExtensibilityGlobals) = postSolution
		SolutionGuid = {EBD0B596-73C1-4F8F-A619-48A0135947CC}
	EndGlobalSection
EndGlobal
